
Microsoft Visual Studio Solution File, Format Version 12.00
# Visual Studio Version 17
VisualStudioVersion = 17.3.32922.545
MinimumVisualStudioVersion = 10.0.40219.1
Project("{FAE04EC0-301F-11D3-BF4B-00C04F79EFBC}") = "ConsoleAppAssignment1", "ConsoleAppAssignment1\ConsoleAppAssignment1.csproj", "{1D268B3B-C9F0-4C6C-B771-7C5CC038F457}"
EndProject
Global
	GlobalSection(SolutionConfigurationPlatforms) = preSolution
		Debug|Any CPU = Debug|Any CPU
		Release|Any CPU = Release|Any CPU
	EndGlobalSection
	GlobalSection(ProjectConfigurationPlatforms) = postSolution
		{1D268B3B-C9F0-4C6C-B771-7C5CC038F457}.Debug|Any CPU.ActiveCfg = Debug|Any CPU
		{1D268B3B-C9F0-4C6C-B771-7C5CC038F457}.Debug|Any CPU.Build.0 = Debug|Any CPU
		{1D268B3B-C9F0-4C6C-B771-7C5CC038F457}.Release|Any CPU.ActiveCfg = Release|Any CPU
		{1D268B3B-C9F0-4C6C-B771-7C5CC038F457}.Release|Any CPU.Build.0 = Release|Any CPU
	EndGlobalSection
	GlobalSection(SolutionProperties) = preSolution
		HideSolutionNode = FALSE
	EndGlobalSection
	GlobalSection(ExtensibilityGlobals) = postSolution
		SolutionGuid = {F76F9423-9266-461E-A156-AC8D26FD907E}
	EndGlobalSection
EndGlobal
